
Microsoft Visual Studio Solution File, Format Version 12.00
# Visual Studio Version 16
VisualStudioVersion = 16.0.30413.136
MinimumVisualStudioVersion = 10.0.40219.1
Project("{9A19103F-16F7-4668-BE54-9A1E7A4F7556}") = "ScintillaNET.Core.TestApp", "ScintillaNET.Core.TestApp\ScintillaNET.Core.TestApp.csproj", "{BDA3A6B7-3C98-42C0-B4CC-3A4C1007BCC6}"
EndProject
Project("{9A19103F-16F7-4668-BE54-9A1E7A4F7556}") = "ScintillaNET.Core", "ScintillaNET.Core\ScintillaNET.Core.csproj", "{FB7EC3AC-908F-41BC-B02A-B3D436C1460B}"
EndProject
Global
	GlobalSection(SolutionConfigurationPlatforms) = preSolution
		Debug|Any CPU = Debug|Any CPU
		Release|Any CPU = Release|Any CPU
	EndGlobalSection
	GlobalSection(ProjectConfigurationPlatforms) = postSolution
		{BDA3A6B7-3C98-42C0-B4CC-3A4C1007BCC6}.Debug|Any CPU.ActiveCfg = Debug|Any CPU
		{BDA3A6B7-3C98-42C0-B4CC-3A4C1007BCC6}.Debug|Any CPU.Build.0 = Debug|Any CPU
		{BDA3A6B7-3C98-42C0-B4CC-3A4C1007BCC6}.Release|Any CPU.ActiveCfg = Release|Any CPU
		{BDA3A6B7-3C98-42C0-B4CC-3A4C1007BCC6}.Release|Any CPU.Build.0 = Release|Any CPU
		{FB7EC3AC-908F-41BC-B02A-B3D436C1460B}.Debug|Any CPU.ActiveCfg = Debug|Any CPU
		{FB7EC3AC-908F-41BC-B02A-B3D436C1460B}.Debug|Any CPU.Build.0 = Debug|Any CPU
		{FB7EC3AC-908F-41BC-B02A-B3D436C1460B}.Release|Any CPU.ActiveCfg = Release|Any CPU
		{FB7EC3AC-908F-41BC-B02A-B3D436C1460B}.Release|Any CPU.Build.0 = Release|Any CPU
	EndGlobalSection
	GlobalSection(SolutionProperties) = preSolution
		HideSolutionNode = FALSE
	EndGlobalSection
	GlobalSection(ExtensibilityGlobals) = postSolution
		SolutionGuid = {9B4392ED-3D74-4936-BED3-2AC8E718690B}
	EndGlobalSection
EndGlobal
