
Microsoft Visual Studio Solution File, Format Version 12.00
# Visual Studio Version 16
VisualStudioVersion = 16.0.30413.136
MinimumVisualStudioVersion = 10.0.40219.1
Project("{9A19103F-16F7-4668-BE54-9A1E7A4F7556}") = "ScintillaNET.TestApp", "ScintillaNET.TestApp\ScintillaNET.TestApp.csproj", "{F25685EC-098A-4080-95A9-445268609806}"
EndProject
Project("{9A19103F-16F7-4668-BE54-9A1E7A4F7556}") = "ScintillaNET", "ScintillaNET\ScintillaNET.csproj", "{22AE2386-60F1-476E-9303-61CDB0AAC4CF}"
EndProject
Project("{9A19103F-16F7-4668-BE54-9A1E7A4F7556}") = "ScintillaNET.Signed", "ScintillaNET\ScintillaNET.Signed.csproj", "{7798F78B-C2C5-4496-9BC2-64D3FFEF8A99}"
EndProject
Global
	GlobalSection(SolutionConfigurationPlatforms) = preSolution
		Debug|Any CPU = Debug|Any CPU
		Release|Any CPU = Release|Any CPU
		Signed|Any CPU = Signed|Any CPU
	EndGlobalSection
	GlobalSection(ProjectConfigurationPlatforms) = postSolution
		{F25685EC-098A-4080-95A9-445268609806}.Debug|Any CPU.ActiveCfg = Debug|Any CPU
		{F25685EC-098A-4080-95A9-445268609806}.Debug|Any CPU.Build.0 = Debug|Any CPU
		{F25685EC-098A-4080-95A9-445268609806}.Release|Any CPU.ActiveCfg = Release|Any CPU
		{F25685EC-098A-4080-95A9-445268609806}.Release|Any CPU.Build.0 = Release|Any CPU
		{F25685EC-098A-4080-95A9-445268609806}.Signed|Any CPU.ActiveCfg = Release|Any CPU
		{F25685EC-098A-4080-95A9-445268609806}.Signed|Any CPU.Build.0 = Release|Any CPU
		{22AE2386-60F1-476E-9303-61CDB0AAC4CF}.Debug|Any CPU.ActiveCfg = Debug|Any CPU
		{22AE2386-60F1-476E-9303-61CDB0AAC4CF}.Debug|Any CPU.Build.0 = Debug|Any CPU
		{22AE2386-60F1-476E-9303-61CDB0AAC4CF}.Release|Any CPU.ActiveCfg = Release|Any CPU
		{22AE2386-60F1-476E-9303-61CDB0AAC4CF}.Release|Any CPU.Build.0 = Release|Any CPU
		{22AE2386-60F1-476E-9303-61CDB0AAC4CF}.Signed|Any CPU.ActiveCfg = Debug|Any CPU
		{22AE2386-60F1-476E-9303-61CDB0AAC4CF}.Signed|Any CPU.Build.0 = Debug|Any CPU
		{7798F78B-C2C5-4496-9BC2-64D3FFEF8A99}.Debug|Any CPU.ActiveCfg = Debug|Any CPU
		{7798F78B-C2C5-4496-9BC2-64D3FFEF8A99}.Debug|Any CPU.Build.0 = Debug|Any CPU
		{7798F78B-C2C5-4496-9BC2-64D3FFEF8A99}.Release|Any CPU.ActiveCfg = Release|Any CPU
		{7798F78B-C2C5-4496-9BC2-64D3FFEF8A99}.Release|Any CPU.Build.0 = Release|Any CPU
		{7798F78B-C2C5-4496-9BC2-64D3FFEF8A99}.Signed|Any CPU.ActiveCfg = Debug|Any CPU
		{7798F78B-C2C5-4496-9BC2-64D3FFEF8A99}.Signed|Any CPU.Build.0 = Debug|Any CPU
	EndGlobalSection
	GlobalSection(SolutionProperties) = preSolution
		HideSolutionNode = FALSE
	EndGlobalSection
	GlobalSection(ExtensibilityGlobals) = postSolution
		SolutionGuid = {A0845A01-6738-41BA-910D-0EA57F0480C1}
	EndGlobalSection
EndGlobal
